// !$*UTF8*$!
{
	archiveVersion = 1;
	classes = {
	};
	objectVersion = 46;
	objects = {

/* Begin PBXBuildFile section */
		102D1ED2E017DB87A563ECDC /* Pods_SwiftTools.framework in Frameworks */ = {isa = PBXBuildFile; fileRef = 4B66BD42FD3E17D73ACCBC21 /* Pods_SwiftTools.framework */; };
		F1119B4A1EC00E7900602150 /* SpaceSizeTool.swift in Sources */ = {isa = PBXBuildFile; fileRef = F1119B491EC00E7900602150 /* SpaceSizeTool.swift */; };
		F119EF6A1EBC07FF00C2658D /* CommonTool.swift in Sources */ = {isa = PBXBuildFile; fileRef = F119EF691EBC07FF00C2658D /* CommonTool.swift */; };
		F119EFC41EBC510E00C2658D /* Array+Extension.swift in Sources */ = {isa = PBXBuildFile; fileRef = F119EFBB1EBC510E00C2658D /* Array+Extension.swift */; };
		F119EFC51EBC510E00C2658D /* Dictionary+Extension.swift in Sources */ = {isa = PBXBuildFile; fileRef = F119EFBC1EBC510E00C2658D /* Dictionary+Extension.swift */; };
		F119EFC61EBC510E00C2658D /* NSDate+Extension.swift in Sources */ = {isa = PBXBuildFile; fileRef = F119EFBD1EBC510E00C2658D /* NSDate+Extension.swift */; };
		F119EFC71EBC510E00C2658D /* String+Extension.swift in Sources */ = {isa = PBXBuildFile; fileRef = F119EFBE1EBC510E00C2658D /* String+Extension.swift */; };
		F119EFD51EBC51D100C2658D /* UIBarButtonItem+Extension.swift in Sources */ = {isa = PBXBuildFile; fileRef = F119EFCE1EBC51D100C2658D /* UIBarButtonItem+Extension.swift */; };
		F119EFD61EBC51D100C2658D /* UIColor+Color.swift in Sources */ = {isa = PBXBuildFile; fileRef = F119EFD01EBC51D100C2658D /* UIColor+Color.swift */; };
		F119EFD71EBC51D100C2658D /* UIImage+Extension.swift in Sources */ = {isa = PBXBuildFile; fileRef = F119EFD21EBC51D100C2658D /* UIImage+Extension.swift */; };
		F119EFD81EBC51D100C2658D /* UIView+Frame.swift in Sources */ = {isa = PBXBuildFile; fileRef = F119EFD41EBC51D100C2658D /* UIView+Frame.swift */; };
		F119EFDB1EBC521400C2658D /* UITableView+Extension.swift in Sources */ = {isa = PBXBuildFile; fileRef = F119EFDA1EBC521400C2658D /* UITableView+Extension.swift */; };
		F119EFE01EBC530B00C2658D /* UITableViewCell+Extension.swift in Sources */ = {isa = PBXBuildFile; fileRef = F119EFDF1EBC530B00C2658D /* UITableViewCell+Extension.swift */; };
		F119EFE31EBC576400C2658D /* UIApplication+Extension.swift in Sources */ = {isa = PBXBuildFile; fileRef = F119EFE21EBC576400C2658D /* UIApplication+Extension.swift */; };
		F119EFE61EBC586400C2658D /* UIDevice+Extension.swift in Sources */ = {isa = PBXBuildFile; fileRef = F119EFE51EBC586400C2658D /* UIDevice+Extension.swift */; };
		F119EFEB1EBC58DF00C2658D /* UIImageView+Extension.swift in Sources */ = {isa = PBXBuildFile; fileRef = F119EFEA1EBC58DF00C2658D /* UIImageView+Extension.swift */; };
		F119EFED1EBC598C00C2658D /* UIView+Extension.swift in Sources */ = {isa = PBXBuildFile; fileRef = F119EFEC1EBC598C00C2658D /* UIView+Extension.swift */; };
		F119EFF11EBC5C9000C2658D /* AppInfoTool.swift in Sources */ = {isa = PBXBuildFile; fileRef = F119EFF01EBC5C9000C2658D /* AppInfoTool.swift */; };
		F187BED81EB9AEAA00BCFF51 /* AppDelegate.swift in Sources */ = {isa = PBXBuildFile; fileRef = F187BED71EB9AEAA00BCFF51 /* AppDelegate.swift */; };
		F187BEDA1EB9AEAA00BCFF51 /* ViewController.swift in Sources */ = {isa = PBXBuildFile; fileRef = F187BED91EB9AEAA00BCFF51 /* ViewController.swift */; };
		F187BEDD1EB9AEAA00BCFF51 /* Main.storyboard in Resources */ = {isa = PBXBuildFile; fileRef = F187BEDB1EB9AEAA00BCFF51 /* Main.storyboard */; };
		F187BEDF1EB9AEAA00BCFF51 /* Assets.xcassets in Resources */ = {isa = PBXBuildFile; fileRef = F187BEDE1EB9AEAA00BCFF51 /* Assets.xcassets */; };
		F187BEE21EB9AEAA00BCFF51 /* LaunchScreen.storyboard in Resources */ = {isa = PBXBuildFile; fileRef = F187BEE01EB9AEAA00BCFF51 /* LaunchScreen.storyboard */; };
		F187BEED1EB9AEAB00BCFF51 /* SwiftToolsTests.swift in Sources */ = {isa = PBXBuildFile; fileRef = F187BEEC1EB9AEAB00BCFF51 /* SwiftToolsTests.swift */; };
		F187BEF81EB9AEAB00BCFF51 /* SwiftToolsUITests.swift in Sources */ = {isa = PBXBuildFile; fileRef = F187BEF71EB9AEAB00BCFF51 /* SwiftToolsUITests.swift */; };
		F187BF0F1EB9B6BD00BCFF51 /* AlertView.swift in Sources */ = {isa = PBXBuildFile; fileRef = F187BF0E1EB9B6BD00BCFF51 /* AlertView.swift */; };
		F187BF121EB9C0C700BCFF51 /* RequestFailedView.swift in Sources */ = {isa = PBXBuildFile; fileRef = F187BF111EB9C0C700BCFF51 /* RequestFailedView.swift */; };
		F187BF141EB9C32200BCFF51 /* UtilsMacro.swift in Sources */ = {isa = PBXBuildFile; fileRef = F187BF131EB9C32200BCFF51 /* UtilsMacro.swift */; };
		F1EAF7B31EBACA5B00DE5D22 /* PageContentView.swift in Sources */ = {isa = PBXBuildFile; fileRef = F1EAF7B11EBACA5B00DE5D22 /* PageContentView.swift */; };
		F1EAF7B41EBACA5B00DE5D22 /* PageTitleView.swift in Sources */ = {isa = PBXBuildFile; fileRef = F1EAF7B21EBACA5B00DE5D22 /* PageTitleView.swift */; };
		F1EAF7BC1EBACBDC00DE5D22 /* FrameViewController.swift in Sources */ = {isa = PBXBuildFile; fileRef = F1EAF7BB1EBACBDC00DE5D22 /* FrameViewController.swift */; };
		F1EAF7BE1EBACBE600DE5D22 /* BaseViewController.swift in Sources */ = {isa = PBXBuildFile; fileRef = F1EAF7BD1EBACBE600DE5D22 /* BaseViewController.swift */; };
		F1EAF7C01EBACC4A00DE5D22 /* AlertViewController.swift in Sources */ = {isa = PBXBuildFile; fileRef = F1EAF7BF1EBACC4A00DE5D22 /* AlertViewController.swift */; };
		F1EAF7C21EBACC5700DE5D22 /* RequestFailViewController.swift in Sources */ = {isa = PBXBuildFile; fileRef = F1EAF7C11EBACC5700DE5D22 /* RequestFailViewController.swift */; };
		F1EAF7C41EBACC6500DE5D22 /* PageViewController.swift in Sources */ = {isa = PBXBuildFile; fileRef = F1EAF7C31EBACC6500DE5D22 /* PageViewController.swift */; };
		F1EAF7C61EBAD3E600DE5D22 /* ViewController1.swift in Sources */ = {isa = PBXBuildFile; fileRef = F1EAF7C51EBAD3E600DE5D22 /* ViewController1.swift */; };
		F1EAF7C81EBAD3EC00DE5D22 /* ViewController2.swift in Sources */ = {isa = PBXBuildFile; fileRef = F1EAF7C71EBAD3EC00DE5D22 /* ViewController2.swift */; };
		F1EAF7CA1EBAD3F200DE5D22 /* ViewController3.swift in Sources */ = {isa = PBXBuildFile; fileRef = F1EAF7C91EBAD3F200DE5D22 /* ViewController3.swift */; };
		F1EAF7CC1EBAD3F900DE5D22 /* ViewController4.swift in Sources */ = {isa = PBXBuildFile; fileRef = F1EAF7CB1EBAD3F900DE5D22 /* ViewController4.swift */; };
		F1EAF7CE1EBAD41100DE5D22 /* ViewController5.swift in Sources */ = {isa = PBXBuildFile; fileRef = F1EAF7CD1EBAD41100DE5D22 /* ViewController5.swift */; };
		F1EAF7D61EBADD1500DE5D22 /* HTTPTool.swift in Sources */ = {isa = PBXBuildFile; fileRef = F1EAF7D51EBADD1500DE5D22 /* HTTPTool.swift */; };
		F1EAF7DC1EBB166000DE5D22 /* HttpToolViewController.swift in Sources */ = {isa = PBXBuildFile; fileRef = F1EAF7DB1EBB166000DE5D22 /* HttpToolViewController.swift */; };
/* End PBXBuildFile section */

/* Begin PBXContainerItemProxy section */
		F187BEE91EB9AEAB00BCFF51 /* PBXContainerItemProxy */ = {
			isa = PBXContainerItemProxy;
			containerPortal = F187BECC1EB9AEAA00BCFF51 /* Project object */;
			proxyType = 1;
			remoteGlobalIDString = F187BED31EB9AEAA00BCFF51;
			remoteInfo = SwiftTools;
		};
		F187BEF41EB9AEAB00BCFF51 /* PBXContainerItemProxy */ = {
			isa = PBXContainerItemProxy;
			containerPortal = F187BECC1EB9AEAA00BCFF51 /* Project object */;
			proxyType = 1;
			remoteGlobalIDString = F187BED31EB9AEAA00BCFF51;
			remoteInfo = SwiftTools;
		};
/* End PBXContainerItemProxy section */

/* Begin PBXFileReference section */
		4B66BD42FD3E17D73ACCBC21 /* Pods_SwiftTools.framework */ = {isa = PBXFileReference; explicitFileType = wrapper.framework; includeInIndex = 0; path = Pods_SwiftTools.framework; sourceTree = BUILT_PRODUCTS_DIR; };
		4CCC46498B0BA0C4CD8D783E /* Pods-SwiftTools.debug.xcconfig */ = {isa = PBXFileReference; includeInIndex = 1; lastKnownFileType = text.xcconfig; name = "Pods-SwiftTools.debug.xcconfig"; path = "Pods/Target Support Files/Pods-SwiftTools/Pods-SwiftTools.debug.xcconfig"; sourceTree = "<group>"; };
		C868035C2424B0DA19159976 /* Pods-SwiftTools.release.xcconfig */ = {isa = PBXFileReference; includeInIndex = 1; lastKnownFileType = text.xcconfig; name = "Pods-SwiftTools.release.xcconfig"; path = "Pods/Target Support Files/Pods-SwiftTools/Pods-SwiftTools.release.xcconfig"; sourceTree = "<group>"; };
		F1119B491EC00E7900602150 /* SpaceSizeTool.swift */ = {isa = PBXFileReference; fileEncoding = 4; lastKnownFileType = sourcecode.swift; path = SpaceSizeTool.swift; sourceTree = "<group>"; };
		F119EF691EBC07FF00C2658D /* CommonTool.swift */ = {isa = PBXFileReference; fileEncoding = 4; lastKnownFileType = sourcecode.swift; path = CommonTool.swift; sourceTree = "<group>"; };
		F119EFBB1EBC510E00C2658D /* Array+Extension.swift */ = {isa = PBXFileReference; fileEncoding = 4; lastKnownFileType = sourcecode.swift; path = "Array+Extension.swift"; sourceTree = "<group>"; };
		F119EFBC1EBC510E00C2658D /* Dictionary+Extension.swift */ = {isa = PBXFileReference; fileEncoding = 4; lastKnownFileType = sourcecode.swift; path = "Dictionary+Extension.swift"; sourceTree = "<group>"; };
		F119EFBD1EBC510E00C2658D /* NSDate+Extension.swift */ = {isa = PBXFileReference; fileEncoding = 4; lastKnownFileType = sourcecode.swift; path = "NSDate+Extension.swift"; sourceTree = "<group>"; };
		F119EFBE1EBC510E00C2658D /* String+Extension.swift */ = {isa = PBXFileReference; fileEncoding = 4; lastKnownFileType = sourcecode.swift; path = "String+Extension.swift"; sourceTree = "<group>"; };
		F119EFCE1EBC51D100C2658D /* UIBarButtonItem+Extension.swift */ = {isa = PBXFileReference; fileEncoding = 4; lastKnownFileType = sourcecode.swift; path = "UIBarButtonItem+Extension.swift"; sourceTree = "<group>"; };
		F119EFD01EBC51D100C2658D /* UIColor+Color.swift */ = {isa = PBXFileReference; fileEncoding = 4; lastKnownFileType = sourcecode.swift; path = "UIColor+Color.swift"; sourceTree = "<group>"; };
		F119EFD21EBC51D100C2658D /* UIImage+Extension.swift */ = {isa = PBXFileReference; fileEncoding = 4; lastKnownFileType = sourcecode.swift; path = "UIImage+Extension.swift"; sourceTree = "<group>"; };
		F119EFD41EBC51D100C2658D /* UIView+Frame.swift */ = {isa = PBXFileReference; fileEncoding = 4; lastKnownFileType = sourcecode.swift; path = "UIView+Frame.swift"; sourceTree = "<group>"; };
		F119EFDA1EBC521400C2658D /* UITableView+Extension.swift */ = {isa = PBXFileReference; fileEncoding = 4; lastKnownFileType = sourcecode.swift; path = "UITableView+Extension.swift"; sourceTree = "<group>"; };
		F119EFDF1EBC530B00C2658D /* UITableViewCell+Extension.swift */ = {isa = PBXFileReference; fileEncoding = 4; lastKnownFileType = sourcecode.swift; path = "UITableViewCell+Extension.swift"; sourceTree = "<group>"; };
		F119EFE21EBC576400C2658D /* UIApplication+Extension.swift */ = {isa = PBXFileReference; fileEncoding = 4; lastKnownFileType = sourcecode.swift; path = "UIApplication+Extension.swift"; sourceTree = "<group>"; };
		F119EFE51EBC586400C2658D /* UIDevice+Extension.swift */ = {isa = PBXFileReference; fileEncoding = 4; lastKnownFileType = sourcecode.swift; path = "UIDevice+Extension.swift"; sourceTree = "<group>"; };
		F119EFEA1EBC58DF00C2658D /* UIImageView+Extension.swift */ = {isa = PBXFileReference; fileEncoding = 4; lastKnownFileType = sourcecode.swift; path = "UIImageView+Extension.swift"; sourceTree = "<group>"; };
		F119EFEC1EBC598C00C2658D /* UIView+Extension.swift */ = {isa = PBXFileReference; fileEncoding = 4; lastKnownFileType = sourcecode.swift; path = "UIView+Extension.swift"; sourceTree = "<group>"; };
		F119EFF01EBC5C9000C2658D /* AppInfoTool.swift */ = {isa = PBXFileReference; fileEncoding = 4; lastKnownFileType = sourcecode.swift; path = AppInfoTool.swift; sourceTree = "<group>"; };
		F187BED41EB9AEAA00BCFF51 /* SwiftTools.app */ = {isa = PBXFileReference; explicitFileType = wrapper.application; includeInIndex = 0; path = SwiftTools.app; sourceTree = BUILT_PRODUCTS_DIR; };
		F187BED71EB9AEAA00BCFF51 /* AppDelegate.swift */ = {isa = PBXFileReference; lastKnownFileType = sourcecode.swift; path = AppDelegate.swift; sourceTree = "<group>"; };
		F187BED91EB9AEAA00BCFF51 /* ViewController.swift */ = {isa = PBXFileReference; lastKnownFileType = sourcecode.swift; path = ViewController.swift; sourceTree = "<group>"; };
		F187BEDC1EB9AEAA00BCFF51 /* Base */ = {isa = PBXFileReference; lastKnownFileType = file.storyboard; name = Base; path = Base.lproj/Main.storyboard; sourceTree = "<group>"; };
		F187BEDE1EB9AEAA00BCFF51 /* Assets.xcassets */ = {isa = PBXFileReference; lastKnownFileType = folder.assetcatalog; path = Assets.xcassets; sourceTree = "<group>"; };
		F187BEE11EB9AEAA00BCFF51 /* Base */ = {isa = PBXFileReference; lastKnownFileType = file.storyboard; name = Base; path = Base.lproj/LaunchScreen.storyboard; sourceTree = "<group>"; };
		F187BEE31EB9AEAA00BCFF51 /* Info.plist */ = {isa = PBXFileReference; lastKnownFileType = text.plist.xml; path = Info.plist; sourceTree = "<group>"; };
		F187BEE81EB9AEAB00BCFF51 /* SwiftToolsTests.xctest */ = {isa = PBXFileReference; explicitFileType = wrapper.cfbundle; includeInIndex = 0; path = SwiftToolsTests.xctest; sourceTree = BUILT_PRODUCTS_DIR; };
		F187BEEC1EB9AEAB00BCFF51 /* SwiftToolsTests.swift */ = {isa = PBXFileReference; lastKnownFileType = sourcecode.swift; path = SwiftToolsTests.swift; sourceTree = "<group>"; };
		F187BEEE1EB9AEAB00BCFF51 /* Info.plist */ = {isa = PBXFileReference; lastKnownFileType = text.plist.xml; path = Info.plist; sourceTree = "<group>"; };
		F187BEF31EB9AEAB00BCFF51 /* SwiftToolsUITests.xctest */ = {isa = PBXFileReference; explicitFileType = wrapper.cfbundle; includeInIndex = 0; path = SwiftToolsUITests.xctest; sourceTree = BUILT_PRODUCTS_DIR; };
		F187BEF71EB9AEAB00BCFF51 /* SwiftToolsUITests.swift */ = {isa = PBXFileReference; lastKnownFileType = sourcecode.swift; path = SwiftToolsUITests.swift; sourceTree = "<group>"; };
		F187BEF91EB9AEAB00BCFF51 /* Info.plist */ = {isa = PBXFileReference; lastKnownFileType = text.plist.xml; path = Info.plist; sourceTree = "<group>"; };
		F187BF0E1EB9B6BD00BCFF51 /* AlertView.swift */ = {isa = PBXFileReference; fileEncoding = 4; lastKnownFileType = sourcecode.swift; path = AlertView.swift; sourceTree = "<group>"; };
		F187BF111EB9C0C700BCFF51 /* RequestFailedView.swift */ = {isa = PBXFileReference; fileEncoding = 4; lastKnownFileType = sourcecode.swift; path = RequestFailedView.swift; sourceTree = "<group>"; };
		F187BF131EB9C32200BCFF51 /* UtilsMacro.swift */ = {isa = PBXFileReference; fileEncoding = 4; lastKnownFileType = sourcecode.swift; path = UtilsMacro.swift; sourceTree = "<group>"; };
		F1EAF7B11EBACA5B00DE5D22 /* PageContentView.swift */ = {isa = PBXFileReference; fileEncoding = 4; lastKnownFileType = sourcecode.swift; path = PageContentView.swift; sourceTree = "<group>"; };
		F1EAF7B21EBACA5B00DE5D22 /* PageTitleView.swift */ = {isa = PBXFileReference; fileEncoding = 4; lastKnownFileType = sourcecode.swift; path = PageTitleView.swift; sourceTree = "<group>"; };
		F1EAF7BB1EBACBDC00DE5D22 /* FrameViewController.swift */ = {isa = PBXFileReference; fileEncoding = 4; lastKnownFileType = sourcecode.swift; path = FrameViewController.swift; sourceTree = "<group>"; };
		F1EAF7BD1EBACBE600DE5D22 /* BaseViewController.swift */ = {isa = PBXFileReference; fileEncoding = 4; lastKnownFileType = sourcecode.swift; path = BaseViewController.swift; sourceTree = "<group>"; };
		F1EAF7BF1EBACC4A00DE5D22 /* AlertViewController.swift */ = {isa = PBXFileReference; fileEncoding = 4; lastKnownFileType = sourcecode.swift; path = AlertViewController.swift; sourceTree = "<group>"; };
		F1EAF7C11EBACC5700DE5D22 /* RequestFailViewController.swift */ = {isa = PBXFileReference; fileEncoding = 4; lastKnownFileType = sourcecode.swift; path = RequestFailViewController.swift; sourceTree = "<group>"; };
		F1EAF7C31EBACC6500DE5D22 /* PageViewController.swift */ = {isa = PBXFileReference; fileEncoding = 4; lastKnownFileType = sourcecode.swift; path = PageViewController.swift; sourceTree = "<group>"; };
		F1EAF7C51EBAD3E600DE5D22 /* ViewController1.swift */ = {isa = PBXFileReference; fileEncoding = 4; lastKnownFileType = sourcecode.swift; path = ViewController1.swift; sourceTree = "<group>"; };
		F1EAF7C71EBAD3EC00DE5D22 /* ViewController2.swift */ = {isa = PBXFileReference; fileEncoding = 4; lastKnownFileType = sourcecode.swift; path = ViewController2.swift; sourceTree = "<group>"; };
		F1EAF7C91EBAD3F200DE5D22 /* ViewController3.swift */ = {isa = PBXFileReference; fileEncoding = 4; lastKnownFileType = sourcecode.swift; path = ViewController3.swift; sourceTree = "<group>"; };
		F1EAF7CB1EBAD3F900DE5D22 /* ViewController4.swift */ = {isa = PBXFileReference; fileEncoding = 4; lastKnownFileType = sourcecode.swift; path = ViewController4.swift; sourceTree = "<group>"; };
		F1EAF7CD1EBAD41100DE5D22 /* ViewController5.swift */ = {isa = PBXFileReference; fileEncoding = 4; lastKnownFileType = sourcecode.swift; path = ViewController5.swift; sourceTree = "<group>"; };
		F1EAF7D51EBADD1500DE5D22 /* HTTPTool.swift */ = {isa = PBXFileReference; fileEncoding = 4; lastKnownFileType = sourcecode.swift; path = HTTPTool.swift; sourceTree = "<group>"; };
		F1EAF7DB1EBB166000DE5D22 /* HttpToolViewController.swift */ = {isa = PBXFileReference; fileEncoding = 4; lastKnownFileType = sourcecode.swift; path = HttpToolViewController.swift; sourceTree = "<group>"; };
/* End PBXFileReference section */

/* Begin PBXFrameworksBuildPhase section */
		F187BED11EB9AEAA00BCFF51 /* Frameworks */ = {
			isa = PBXFrameworksBuildPhase;
			buildActionMask = 2147483647;
			files = (
				102D1ED2E017DB87A563ECDC /* Pods_SwiftTools.framework in Frameworks */,
			);
			runOnlyForDeploymentPostprocessing = 0;
		};
		F187BEE51EB9AEAB00BCFF51 /* Frameworks */ = {
			isa = PBXFrameworksBuildPhase;
			buildActionMask = 2147483647;
			files = (
			);
			runOnlyForDeploymentPostprocessing = 0;
		};
		F187BEF01EB9AEAB00BCFF51 /* Frameworks */ = {
			isa = PBXFrameworksBuildPhase;
			buildActionMask = 2147483647;
			files = (
			);
			runOnlyForDeploymentPostprocessing = 0;
		};
/* End PBXFrameworksBuildPhase section */

/* Begin PBXGroup section */
		36E6AB0A151FEBDA2963E05A /* Pods */ = {
			isa = PBXGroup;
			children = (
				4CCC46498B0BA0C4CD8D783E /* Pods-SwiftTools.debug.xcconfig */,
				C868035C2424B0DA19159976 /* Pods-SwiftTools.release.xcconfig */,
			);
			name = Pods;
			sourceTree = "<group>";
		};
		E04DEBA165BE90E04DB68A31 /* Frameworks */ = {
			isa = PBXGroup;
			children = (
				4B66BD42FD3E17D73ACCBC21 /* Pods_SwiftTools.framework */,
			);
			name = Frameworks;
			sourceTree = "<group>";
		};
		F1119B481EC00E6B00602150 /* SpaceSizeTool */ = {
			isa = PBXGroup;
			children = (
				F1119B491EC00E7900602150 /* SpaceSizeTool.swift */,
			);
			path = SpaceSizeTool;
			sourceTree = "<group>";
		};
		F119EF681EBC07F200C2658D /* CommonTool */ = {
			isa = PBXGroup;
			children = (
				F119EF691EBC07FF00C2658D /* CommonTool.swift */,
			);
			path = CommonTool;
			sourceTree = "<group>";
		};
		F119EF6D1EBC1E9500C2658D /* Resource */ = {
			isa = PBXGroup;
			children = (
				F119EF6E1EBC1E9500C2658D /* Global */,
				F119EF6F1EBC1E9500C2658D /* Image */,
				F119EF701EBC1E9500C2658D /* Plist */,
			);
			path = Resource;
			sourceTree = "<group>";
		};
		F119EF6E1EBC1E9500C2658D /* Global */ = {
			isa = PBXGroup;
			children = (
			);
			path = Global;
			sourceTree = "<group>";
		};
		F119EF6F1EBC1E9500C2658D /* Image */ = {
			isa = PBXGroup;
			children = (
			);
			path = Image;
			sourceTree = "<group>";
		};
		F119EF701EBC1E9500C2658D /* Plist */ = {
			isa = PBXGroup;
			children = (
			);
			path = Plist;
			sourceTree = "<group>";
		};
		F119EFB91EBC510E00C2658D /* Categorys */ = {
			isa = PBXGroup;
			children = (
				F119EFEE1EBC5AC200C2658D /* AVFoundation */,
				F119EFCC1EBC51D100C2658D /* UIKit */,
				F119EFBA1EBC510E00C2658D /* Foundation */,
			);
			path = Categorys;
			sourceTree = "<group>";
		};
		F119EFBA1EBC510E00C2658D /* Foundation */ = {
			isa = PBXGroup;
			children = (
				F119EFBB1EBC510E00C2658D /* Array+Extension.swift */,
				F119EFBC1EBC510E00C2658D /* Dictionary+Extension.swift */,
				F119EFBD1EBC510E00C2658D /* NSDate+Extension.swift */,
				F119EFBE1EBC510E00C2658D /* String+Extension.swift */,
			);
			path = Foundation;
			sourceTree = "<group>";
		};
		F119EFCC1EBC51D100C2658D /* UIKit */ = {
			isa = PBXGroup;
			children = (
				F119EFE71EBC58BC00C2658D /* UIImageView */,
				F119EFE41EBC585900C2658D /* UIDevice */,
				F119EFE11EBC575A00C2658D /* UIApplication */,
				F119EFDC1EBC52EF00C2658D /* UITableViewCell */,
				F119EFD91EBC520000C2658D /* UITableView */,
				F119EFCD1EBC51D100C2658D /* UIBarButtonItem */,
				F119EFCF1EBC51D100C2658D /* UIColor */,
				F119EFD11EBC51D100C2658D /* UIImage */,
				F119EFD31EBC51D100C2658D /* UIView */,
			);
			path = UIKit;
			sourceTree = "<group>";
		};
		F119EFCD1EBC51D100C2658D /* UIBarButtonItem */ = {
			isa = PBXGroup;
			children = (
				F119EFCE1EBC51D100C2658D /* UIBarButtonItem+Extension.swift */,
			);
			path = UIBarButtonItem;
			sourceTree = "<group>";
		};
		F119EFCF1EBC51D100C2658D /* UIColor */ = {
			isa = PBXGroup;
			children = (
				F119EFD01EBC51D100C2658D /* UIColor+Color.swift */,
			);
			path = UIColor;
			sourceTree = "<group>";
		};
		F119EFD11EBC51D100C2658D /* UIImage */ = {
			isa = PBXGroup;
			children = (
				F119EFD21EBC51D100C2658D /* UIImage+Extension.swift */,
			);
			path = UIImage;
			sourceTree = "<group>";
		};
		F119EFD31EBC51D100C2658D /* UIView */ = {
			isa = PBXGroup;
			children = (
				F119EFD41EBC51D100C2658D /* UIView+Frame.swift */,
				F119EFEC1EBC598C00C2658D /* UIView+Extension.swift */,
			);
			path = UIView;
			sourceTree = "<group>";
		};
		F119EFD91EBC520000C2658D /* UITableView */ = {
			isa = PBXGroup;
			children = (
				F119EFDA1EBC521400C2658D /* UITableView+Extension.swift */,
			);
			path = UITableView;
			sourceTree = "<group>";
		};
		F119EFDC1EBC52EF00C2658D /* UITableViewCell */ = {
			isa = PBXGroup;
			children = (
				F119EFDF1EBC530B00C2658D /* UITableViewCell+Extension.swift */,
			);
			path = UITableViewCell;
			sourceTree = "<group>";
		};
		F119EFE11EBC575A00C2658D /* UIApplication */ = {
			isa = PBXGroup;
			children = (
				F119EFE21EBC576400C2658D /* UIApplication+Extension.swift */,
			);
			path = UIApplication;
			sourceTree = "<group>";
		};
		F119EFE41EBC585900C2658D /* UIDevice */ = {
			isa = PBXGroup;
			children = (
				F119EFE51EBC586400C2658D /* UIDevice+Extension.swift */,
			);
			path = UIDevice;
			sourceTree = "<group>";
		};
		F119EFE71EBC58BC00C2658D /* UIImageView */ = {
			isa = PBXGroup;
			children = (
				F119EFEA1EBC58DF00C2658D /* UIImageView+Extension.swift */,
			);
			path = UIImageView;
			sourceTree = "<group>";
		};
		F119EFEE1EBC5AC200C2658D /* AVFoundation */ = {
			isa = PBXGroup;
			children = (
			);
			path = AVFoundation;
			sourceTree = "<group>";
		};
		F119EFEF1EBC5C7E00C2658D /* AppInfoTool */ = {
			isa = PBXGroup;
			children = (
				F119EFF01EBC5C9000C2658D /* AppInfoTool.swift */,
			);
			path = AppInfoTool;
			sourceTree = "<group>";
		};
		F187BECB1EB9AEAA00BCFF51 = {
			isa = PBXGroup;
			children = (
				F187BED61EB9AEAA00BCFF51 /* SwiftTools */,
				F187BEEB1EB9AEAB00BCFF51 /* SwiftToolsTests */,
				F187BEF61EB9AEAB00BCFF51 /* SwiftToolsUITests */,
				F187BED51EB9AEAA00BCFF51 /* Products */,
				36E6AB0A151FEBDA2963E05A /* Pods */,
				E04DEBA165BE90E04DB68A31 /* Frameworks */,
			);
			sourceTree = "<group>";
		};
		F187BED51EB9AEAA00BCFF51 /* Products */ = {
			isa = PBXGroup;
			children = (
				F187BED41EB9AEAA00BCFF51 /* SwiftTools.app */,
				F187BEE81EB9AEAB00BCFF51 /* SwiftToolsTests.xctest */,
				F187BEF31EB9AEAB00BCFF51 /* SwiftToolsUITests.xctest */,
			);
			name = Products;
			sourceTree = "<group>";
		};
		F187BED61EB9AEAA00BCFF51 /* SwiftTools */ = {
			isa = PBXGroup;
			children = (
				F187BED71EB9AEAA00BCFF51 /* AppDelegate.swift */,
				F187BED91EB9AEAA00BCFF51 /* ViewController.swift */,
				F187BEDB1EB9AEAA00BCFF51 /* Main.storyboard */,
				F187BEDE1EB9AEAA00BCFF51 /* Assets.xcassets */,
				F187BEE01EB9AEAA00BCFF51 /* LaunchScreen.storyboard */,
				F187BEE31EB9AEAA00BCFF51 /* Info.plist */,
				F187BF051EB9AF1F00BCFF51 /* Base */,
				F119EFB91EBC510E00C2658D /* Categorys */,
				F119EF6D1EBC1E9500C2658D /* Resource */,
				F1EAF7B51EBACB0F00DE5D22 /* SectionDemo */,
				F1EAF7D31EBADBCA00DE5D22 /* Vendors */,
				F187BF071EB9AF1F00BCFF51 /* Macro */,
				F187BF081EB9AF1F00BCFF51 /* Util */,
			);
			path = SwiftTools;
			sourceTree = "<group>";
		};
		F187BEEB1EB9AEAB00BCFF51 /* SwiftToolsTests */ = {
			isa = PBXGroup;
			children = (
				F187BEEC1EB9AEAB00BCFF51 /* SwiftToolsTests.swift */,
				F187BEEE1EB9AEAB00BCFF51 /* Info.plist */,
			);
			path = SwiftToolsTests;
			sourceTree = "<group>";
		};
		F187BEF61EB9AEAB00BCFF51 /* SwiftToolsUITests */ = {
			isa = PBXGroup;
			children = (
				F187BEF71EB9AEAB00BCFF51 /* SwiftToolsUITests.swift */,
				F187BEF91EB9AEAB00BCFF51 /* Info.plist */,
			);
			path = SwiftToolsUITests;
			sourceTree = "<group>";
		};
		F187BF051EB9AF1F00BCFF51 /* Base */ = {
			isa = PBXGroup;
			children = (
				F1EAF7BD1EBACBE600DE5D22 /* BaseViewController.swift */,
			);
			path = Base;
			sourceTree = "<group>";
		};
		F187BF071EB9AF1F00BCFF51 /* Macro */ = {
			isa = PBXGroup;
			children = (
				F187BF131EB9C32200BCFF51 /* UtilsMacro.swift */,
			);
			path = Macro;
			sourceTree = "<group>";
		};
		F187BF081EB9AF1F00BCFF51 /* Util */ = {
			isa = PBXGroup;
			children = (
				F1119B481EC00E6B00602150 /* SpaceSizeTool */,
				F119EFEF1EBC5C7E00C2658D /* AppInfoTool */,
				F119EF681EBC07F200C2658D /* CommonTool */,
				F1EAF7D41EBADD0100DE5D22 /* HTTPTool */,
				F1EAF7B01EBACA5B00DE5D22 /* PageViewController */,
				F187BF101EB9C09800BCFF51 /* RequestFailedView */,
				F187BF0B1EB9B69100BCFF51 /* AlertView */,
			);
			path = Util;
			sourceTree = "<group>";
		};
		F187BF0B1EB9B69100BCFF51 /* AlertView */ = {
			isa = PBXGroup;
			children = (
				F187BF0E1EB9B6BD00BCFF51 /* AlertView.swift */,
			);
			path = AlertView;
			sourceTree = "<group>";
		};
		F187BF101EB9C09800BCFF51 /* RequestFailedView */ = {
			isa = PBXGroup;
			children = (
				F187BF111EB9C0C700BCFF51 /* RequestFailedView.swift */,
			);
			path = RequestFailedView;
			sourceTree = "<group>";
		};
		F1EAF7B01EBACA5B00DE5D22 /* PageViewController */ = {
			isa = PBXGroup;
			children = (
				F1EAF7B11EBACA5B00DE5D22 /* PageContentView.swift */,
				F1EAF7B21EBACA5B00DE5D22 /* PageTitleView.swift */,
			);
			path = PageViewController;
			sourceTree = "<group>";
		};
		F1EAF7B51EBACB0F00DE5D22 /* SectionDemo */ = {
			isa = PBXGroup;
			children = (
				F1EAF7DA1EBB165300DE5D22 /* 5.HTTPToolDemo */,
				F1EAF7B61EBACB3B00DE5D22 /* 1.UIView+FrameDemo */,
				F1EAF7B71EBACB9600DE5D22 /* 2.AlertViewDemo */,
				F1EAF7B81EBACB9600DE5D22 /* 3.RequestFailedViewDemo */,
				F1EAF7B91EBACB9600DE5D22 /* 4.PageViewControllerDemo */,
			);
			path = SectionDemo;
			sourceTree = "<group>";
		};
		F1EAF7B61EBACB3B00DE5D22 /* 1.UIView+FrameDemo */ = {
			isa = PBXGroup;
			children = (
				F1EAF7BB1EBACBDC00DE5D22 /* FrameViewController.swift */,
			);
			path = "1.UIView+FrameDemo";
			sourceTree = "<group>";
		};
		F1EAF7B71EBACB9600DE5D22 /* 2.AlertViewDemo */ = {
			isa = PBXGroup;
			children = (
				F1EAF7BF1EBACC4A00DE5D22 /* AlertViewController.swift */,
			);
			path = 2.AlertViewDemo;
			sourceTree = "<group>";
		};
		F1EAF7B81EBACB9600DE5D22 /* 3.RequestFailedViewDemo */ = {
			isa = PBXGroup;
			children = (
				F1EAF7C11EBACC5700DE5D22 /* RequestFailViewController.swift */,
			);
			path = 3.RequestFailedViewDemo;
			sourceTree = "<group>";
		};
		F1EAF7B91EBACB9600DE5D22 /* 4.PageViewControllerDemo */ = {
			isa = PBXGroup;
			children = (
				F1EAF7C31EBACC6500DE5D22 /* PageViewController.swift */,
				F1EAF7C51EBAD3E600DE5D22 /* ViewController1.swift */,
				F1EAF7C71EBAD3EC00DE5D22 /* ViewController2.swift */,
				F1EAF7C91EBAD3F200DE5D22 /* ViewController3.swift */,
				F1EAF7CB1EBAD3F900DE5D22 /* ViewController4.swift */,
				F1EAF7CD1EBAD41100DE5D22 /* ViewController5.swift */,
			);
			path = 4.PageViewControllerDemo;
			sourceTree = "<group>";
		};
		F1EAF7D31EBADBCA00DE5D22 /* Vendors */ = {
			isa = PBXGroup;
			children = (
			);
			path = Vendors;
			sourceTree = "<group>";
		};
		F1EAF7D41EBADD0100DE5D22 /* HTTPTool */ = {
			isa = PBXGroup;
			children = (
				F1EAF7D51EBADD1500DE5D22 /* HTTPTool.swift */,
			);
			path = HTTPTool;
			sourceTree = "<group>";
		};
		F1EAF7DA1EBB165300DE5D22 /* 5.HTTPToolDemo */ = {
			isa = PBXGroup;
			children = (
				F1EAF7DB1EBB166000DE5D22 /* HttpToolViewController.swift */,
			);
			path = 5.HTTPToolDemo;
			sourceTree = "<group>";
		};
/* End PBXGroup section */

/* Begin PBXNativeTarget section */
		F187BED31EB9AEAA00BCFF51 /* SwiftTools */ = {
			isa = PBXNativeTarget;
			buildConfigurationList = F187BEFC1EB9AEAB00BCFF51 /* Build configuration list for PBXNativeTarget "SwiftTools" */;
			buildPhases = (
				2A5E0E1BE766B0DB88349BF8 /* [CP] Check Pods Manifest.lock */,
				F187BED01EB9AEAA00BCFF51 /* Sources */,
				F187BED11EB9AEAA00BCFF51 /* Frameworks */,
				F187BED21EB9AEAA00BCFF51 /* Resources */,
				3FFB5D09449551BFE3E22674 /* [CP] Embed Pods Frameworks */,
				79531902CBC93F20F5ECB694 /* [CP] Copy Pods Resources */,
			);
			buildRules = (
			);
			dependencies = (
			);
			name = SwiftTools;
			productName = SwiftTools;
			productReference = F187BED41EB9AEAA00BCFF51 /* SwiftTools.app */;
			productType = "com.apple.product-type.application";
		};
		F187BEE71EB9AEAB00BCFF51 /* SwiftToolsTests */ = {
			isa = PBXNativeTarget;
			buildConfigurationList = F187BEFF1EB9AEAB00BCFF51 /* Build configuration list for PBXNativeTarget "SwiftToolsTests" */;
			buildPhases = (
				F187BEE41EB9AEAB00BCFF51 /* Sources */,
				F187BEE51EB9AEAB00BCFF51 /* Frameworks */,
				F187BEE61EB9AEAB00BCFF51 /* Resources */,
			);
			buildRules = (
			);
			dependencies = (
				F187BEEA1EB9AEAB00BCFF51 /* PBXTargetDependency */,
			);
			name = SwiftToolsTests;
			productName = SwiftToolsTests;
			productReference = F187BEE81EB9AEAB00BCFF51 /* SwiftToolsTests.xctest */;
			productType = "com.apple.product-type.bundle.unit-test";
		};
		F187BEF21EB9AEAB00BCFF51 /* SwiftToolsUITests */ = {
			isa = PBXNativeTarget;
			buildConfigurationList = F187BF021EB9AEAB00BCFF51 /* Build configuration list for PBXNativeTarget "SwiftToolsUITests" */;
			buildPhases = (
				F187BEEF1EB9AEAB00BCFF51 /* Sources */,
				F187BEF01EB9AEAB00BCFF51 /* Frameworks */,
				F187BEF11EB9AEAB00BCFF51 /* Resources */,
			);
			buildRules = (
			);
			dependencies = (
				F187BEF51EB9AEAB00BCFF51 /* PBXTargetDependency */,
			);
			name = SwiftToolsUITests;
			productName = SwiftToolsUITests;
			productReference = F187BEF31EB9AEAB00BCFF51 /* SwiftToolsUITests.xctest */;
			productType = "com.apple.product-type.bundle.ui-testing";
		};
/* End PBXNativeTarget section */

/* Begin PBXProject section */
		F187BECC1EB9AEAA00BCFF51 /* Project object */ = {
			isa = PBXProject;
			attributes = {
				LastSwiftUpdateCheck = 0830;
				LastUpgradeCheck = 0830;
				ORGANIZATIONNAME = "思 彭";
				TargetAttributes = {
					F187BED31EB9AEAA00BCFF51 = {
						CreatedOnToolsVersion = 8.3.2;
						DevelopmentTeam = 84VQ69YVDT;
						ProvisioningStyle = Automatic;
					};
					F187BEE71EB9AEAB00BCFF51 = {
						CreatedOnToolsVersion = 8.3.2;
						DevelopmentTeam = RN6253B2FZ;
						ProvisioningStyle = Automatic;
						TestTargetID = F187BED31EB9AEAA00BCFF51;
					};
					F187BEF21EB9AEAB00BCFF51 = {
						CreatedOnToolsVersion = 8.3.2;
						DevelopmentTeam = RN6253B2FZ;
						ProvisioningStyle = Automatic;
						TestTargetID = F187BED31EB9AEAA00BCFF51;
					};
				};
			};
			buildConfigurationList = F187BECF1EB9AEAA00BCFF51 /* Build configuration list for PBXProject "SwiftTools" */;
			compatibilityVersion = "Xcode 3.2";
			developmentRegion = English;
			hasScannedForEncodings = 0;
			knownRegions = (
				en,
				Base,
			);
			mainGroup = F187BECB1EB9AEAA00BCFF51;
			productRefGroup = F187BED51EB9AEAA00BCFF51 /* Products */;
			projectDirPath = "";
			projectRoot = "";
			targets = (
				F187BED31EB9AEAA00BCFF51 /* SwiftTools */,
				F187BEE71EB9AEAB00BCFF51 /* SwiftToolsTests */,
				F187BEF21EB9AEAB00BCFF51 /* SwiftToolsUITests */,
			);
		};
/* End PBXProject section */

/* Begin PBXResourcesBuildPhase section */
		F187BED21EB9AEAA00BCFF51 /* Resources */ = {
			isa = PBXResourcesBuildPhase;
			buildActionMask = 2147483647;
			files = (
				F187BEE21EB9AEAA00BCFF51 /* LaunchScreen.storyboard in Resources */,
				F187BEDF1EB9AEAA00BCFF51 /* Assets.xcassets in Resources */,
				F187BEDD1EB9AEAA00BCFF51 /* Main.storyboard in Resources */,
			);
			runOnlyForDeploymentPostprocessing = 0;
		};
		F187BEE61EB9AEAB00BCFF51 /* Resources */ = {
			isa = PBXResourcesBuildPhase;
			buildActionMask = 2147483647;
			files = (
			);
			runOnlyForDeploymentPostprocessing = 0;
		};
		F187BEF11EB9AEAB00BCFF51 /* Resources */ = {
			isa = PBXResourcesBuildPhase;
			buildActionMask = 2147483647;
			files = (
			);
			runOnlyForDeploymentPostprocessing = 0;
		};
/* End PBXResourcesBuildPhase section */

/* Begin PBXShellScriptBuildPhase section */
		2A5E0E1BE766B0DB88349BF8 /* [CP] Check Pods Manifest.lock */ = {
			isa = PBXShellScriptBuildPhase;
			buildActionMask = 2147483647;
			files = (
			);
			inputPaths = (
			);
			name = "[CP] Check Pods Manifest.lock";
			outputPaths = (
			);
			runOnlyForDeploymentPostprocessing = 0;
			shellPath = /bin/sh;
			shellScript = "diff \"${PODS_PODFILE_DIR_PATH}/Podfile.lock\" \"${PODS_ROOT}/Manifest.lock\" > /dev/null\nif [ $? != 0 ] ; then\n    # print error to STDERR\n    echo \"error: The sandbox is not in sync with the Podfile.lock. Run 'pod install' or update your CocoaPods installation.\" >&2\n    exit 1\nfi\n";
			showEnvVarsInLog = 0;
		};
		3FFB5D09449551BFE3E22674 /* [CP] Embed Pods Frameworks */ = {
			isa = PBXShellScriptBuildPhase;
			buildActionMask = 2147483647;
			files = (
			);
			inputPaths = (
			);
			name = "[CP] Embed Pods Frameworks";
			outputPaths = (
			);
			runOnlyForDeploymentPostprocessing = 0;
			shellPath = /bin/sh;
			shellScript = "\"${SRCROOT}/Pods/Target Support Files/Pods-SwiftTools/Pods-SwiftTools-frameworks.sh\"\n";
			showEnvVarsInLog = 0;
		};
		79531902CBC93F20F5ECB694 /* [CP] Copy Pods Resources */ = {
			isa = PBXShellScriptBuildPhase;
			buildActionMask = 2147483647;
			files = (
			);
			inputPaths = (
			);
			name = "[CP] Copy Pods Resources";
			outputPaths = (
			);
			runOnlyForDeploymentPostprocessing = 0;
			shellPath = /bin/sh;
			shellScript = "\"${SRCROOT}/Pods/Target Support Files/Pods-SwiftTools/Pods-SwiftTools-resources.sh\"\n";
			showEnvVarsInLog = 0;
		};
/* End PBXShellScriptBuildPhase section */

/* Begin PBXSourcesBuildPhase section */
		F187BED01EB9AEAA00BCFF51 /* Sources */ = {
			isa = PBXSourcesBuildPhase;
			buildActionMask = 2147483647;
			files = (
				F1EAF7BC1EBACBDC00DE5D22 /* FrameViewController.swift in Sources */,
				F119EFE01EBC530B00C2658D /* UITableViewCell+Extension.swift in Sources */,
				F1EAF7C81EBAD3EC00DE5D22 /* ViewController2.swift in Sources */,
				F119EFD51EBC51D100C2658D /* UIBarButtonItem+Extension.swift in Sources */,
				F1EAF7C41EBACC6500DE5D22 /* PageViewController.swift in Sources */,
				F119EFD81EBC51D100C2658D /* UIView+Frame.swift in Sources */,
				F1EAF7CA1EBAD3F200DE5D22 /* ViewController3.swift in Sources */,
				F119EFC61EBC510E00C2658D /* NSDate+Extension.swift in Sources */,
				F119EF6A1EBC07FF00C2658D /* CommonTool.swift in Sources */,
				F119EFE61EBC586400C2658D /* UIDevice+Extension.swift in Sources */,
				F119EFC51EBC510E00C2658D /* Dictionary+Extension.swift in Sources */,
				F1EAF7DC1EBB166000DE5D22 /* HttpToolViewController.swift in Sources */,
				F1EAF7BE1EBACBE600DE5D22 /* BaseViewController.swift in Sources */,
				F187BEDA1EB9AEAA00BCFF51 /* ViewController.swift in Sources */,
				F1EAF7C21EBACC5700DE5D22 /* RequestFailViewController.swift in Sources */,
				F1EAF7C61EBAD3E600DE5D22 /* ViewController1.swift in Sources */,
				F187BF121EB9C0C700BCFF51 /* RequestFailedView.swift in Sources */,
				F1EAF7B31EBACA5B00DE5D22 /* PageContentView.swift in Sources */,
				F119EFEB1EBC58DF00C2658D /* UIImageView+Extension.swift in Sources */,
				F187BF0F1EB9B6BD00BCFF51 /* AlertView.swift in Sources */,
				F1EAF7CE1EBAD41100DE5D22 /* ViewController5.swift in Sources */,
				F119EFD61EBC51D100C2658D /* UIColor+Color.swift in Sources */,
				F119EFDB1EBC521400C2658D /* UITableView+Extension.swift in Sources */,
				F1119B4A1EC00E7900602150 /* SpaceSizeTool.swift in Sources */,
				F119EFC71EBC510E00C2658D /* String+Extension.swift in Sources */,
				F119EFED1EBC598C00C2658D /* UIView+Extension.swift in Sources */,
				F1EAF7C01EBACC4A00DE5D22 /* AlertViewController.swift in Sources */,
				F1EAF7CC1EBAD3F900DE5D22 /* ViewController4.swift in Sources */,
				F119EFD71EBC51D100C2658D /* UIImage+Extension.swift in Sources */,
				F187BED81EB9AEAA00BCFF51 /* AppDelegate.swift in Sources */,
				F1EAF7B41EBACA5B00DE5D22 /* PageTitleView.swift in Sources */,
				F119EFF11EBC5C9000C2658D /* AppInfoTool.swift in Sources */,
				F119EFE31EBC576400C2658D /* UIApplication+Extension.swift in Sources */,
				F119EFC41EBC510E00C2658D /* Array+Extension.swift in Sources */,
				F187BF141EB9C32200BCFF51 /* UtilsMacro.swift in Sources */,
				F1EAF7D61EBADD1500DE5D22 /* HTTPTool.swift in Sources */,
			);
			runOnlyForDeploymentPostprocessing = 0;
		};
		F187BEE41EB9AEAB00BCFF51 /* Sources */ = {
			isa = PBXSourcesBuildPhase;
			buildActionMask = 2147483647;
			files = (
				F187BEED1EB9AEAB00BCFF51 /* SwiftToolsTests.swift in Sources */,
			);
			runOnlyForDeploymentPostprocessing = 0;
		};
		F187BEEF1EB9AEAB00BCFF51 /* Sources */ = {
			isa = PBXSourcesBuildPhase;
			buildActionMask = 2147483647;
			files = (
				F187BEF81EB9AEAB00BCFF51 /* SwiftToolsUITests.swift in Sources */,
			);
			runOnlyForDeploymentPostprocessing = 0;
		};
/* End PBXSourcesBuildPhase section */

/* Begin PBXTargetDependency section */
		F187BEEA1EB9AEAB00BCFF51 /* PBXTargetDependency */ = {
			isa = PBXTargetDependency;
			target = F187BED31EB9AEAA00BCFF51 /* SwiftTools */;
			targetProxy = F187BEE91EB9AEAB00BCFF51 /* PBXContainerItemProxy */;
		};
		F187BEF51EB9AEAB00BCFF51 /* PBXTargetDependency */ = {
			isa = PBXTargetDependency;
			target = F187BED31EB9AEAA00BCFF51 /* SwiftTools */;
			targetProxy = F187BEF41EB9AEAB00BCFF51 /* PBXContainerItemProxy */;
		};
/* End PBXTargetDependency section */

/* Begin PBXVariantGroup section */
		F187BEDB1EB9AEAA00BCFF51 /* Main.storyboard */ = {
			isa = PBXVariantGroup;
			children = (
				F187BEDC1EB9AEAA00BCFF51 /* Base */,
			);
			name = Main.storyboard;
			sourceTree = "<group>";
		};
		F187BEE01EB9AEAA00BCFF51 /* LaunchScreen.storyboard */ = {
			isa = PBXVariantGroup;
			children = (
				F187BEE11EB9AEAA00BCFF51 /* Base */,
			);
			name = LaunchScreen.storyboard;
			sourceTree = "<group>";
		};
/* End PBXVariantGroup section */

/* Begin XCBuildConfiguration section */
		F187BEFA1EB9AEAB00BCFF51 /* Debug */ = {
			isa = XCBuildConfiguration;
			buildSettings = {
				ALWAYS_SEARCH_USER_PATHS = NO;
				CLANG_ANALYZER_NONNULL = YES;
				CLANG_ANALYZER_NUMBER_OBJECT_CONVERSION = YES_AGGRESSIVE;
				CLANG_CXX_LANGUAGE_STANDARD = "gnu++0x";
				CLANG_CXX_LIBRARY = "libc++";
				CLANG_ENABLE_MODULES = YES;
				CLANG_ENABLE_OBJC_ARC = YES;
				CLANG_WARN_BOOL_CONVERSION = YES;
				CLANG_WARN_CONSTANT_CONVERSION = YES;
				CLANG_WARN_DIRECT_OBJC_ISA_USAGE = YES_ERROR;
				CLANG_WARN_DOCUMENTATION_COMMENTS = YES;
				CLANG_WARN_EMPTY_BODY = YES;
				CLANG_WARN_ENUM_CONVERSION = YES;
				CLANG_WARN_INFINITE_RECURSION = YES;
				CLANG_WARN_INT_CONVERSION = YES;
				CLANG_WARN_OBJC_ROOT_CLASS = YES_ERROR;
				CLANG_WARN_SUSPICIOUS_MOVE = YES;
				CLANG_WARN_UNREACHABLE_CODE = YES;
				CLANG_WARN__DUPLICATE_METHOD_MATCH = YES;
				"CODE_SIGN_IDENTITY[sdk=iphoneos*]" = "iPhone Developer";
				COPY_PHASE_STRIP = NO;
				DEBUG_INFORMATION_FORMAT = dwarf;
				ENABLE_STRICT_OBJC_MSGSEND = YES;
				ENABLE_TESTABILITY = YES;
				GCC_C_LANGUAGE_STANDARD = gnu99;
				GCC_DYNAMIC_NO_PIC = NO;
				GCC_NO_COMMON_BLOCKS = YES;
				GCC_OPTIMIZATION_LEVEL = 0;
				GCC_PREPROCESSOR_DEFINITIONS = (
					"DEBUG=1",
					"$(inherited)",
				);
				GCC_WARN_64_TO_32_BIT_CONVERSION = YES;
				GCC_WARN_ABOUT_RETURN_TYPE = YES_ERROR;
				GCC_WARN_UNDECLARED_SELECTOR = YES;
				GCC_WARN_UNINITIALIZED_AUTOS = YES_AGGRESSIVE;
				GCC_WARN_UNUSED_FUNCTION = YES;
				GCC_WARN_UNUSED_VARIABLE = YES;
				IPHONEOS_DEPLOYMENT_TARGET = 10.3;
				MTL_ENABLE_DEBUG_INFO = YES;
				ONLY_ACTIVE_ARCH = YES;
				SDKROOT = iphoneos;
				SWIFT_ACTIVE_COMPILATION_CONDITIONS = DEBUG;
				SWIFT_OPTIMIZATION_LEVEL = "-Onone";
			};
			name = Debug;
		};
		F187BEFB1EB9AEAB00BCFF51 /* Release */ = {
			isa = XCBuildConfiguration;
			buildSettings = {
				ALWAYS_SEARCH_USER_PATHS = NO;
				CLANG_ANALYZER_NONNULL = YES;
				CLANG_ANALYZER_NUMBER_OBJECT_CONVERSION = YES_AGGRESSIVE;
				CLANG_CXX_LANGUAGE_STANDARD = "gnu++0x";
				CLANG_CXX_LIBRARY = "libc++";
				CLANG_ENABLE_MODULES = YES;
				CLANG_ENABLE_OBJC_ARC = YES;
				CLANG_WARN_BOOL_CONVERSION = YES;
				CLANG_WARN_CONSTANT_CONVERSION = YES;
				CLANG_WARN_DIRECT_OBJC_ISA_USAGE = YES_ERROR;
				CLANG_WARN_DOCUMENTATION_COMMENTS = YES;
				CLANG_WARN_EMPTY_BODY = YES;
				CLANG_WARN_ENUM_CONVERSION = YES;
				CLANG_WARN_INFINITE_RECURSION = YES;
				CLANG_WARN_INT_CONVERSION = YES;
				CLANG_WARN_OBJC_ROOT_CLASS = YES_ERROR;
				CLANG_WARN_SUSPICIOUS_MOVE = YES;
				CLANG_WARN_UNREACHABLE_CODE = YES;
				CLANG_WARN__DUPLICATE_METHOD_MATCH = YES;
				"CODE_SIGN_IDENTITY[sdk=iphoneos*]" = "iPhone Developer";
				COPY_PHASE_STRIP = NO;
				DEBUG_INFORMATION_FORMAT = "dwarf-with-dsym";
				ENABLE_NS_ASSERTIONS = NO;
				ENABLE_STRICT_OBJC_MSGSEND = YES;
				GCC_C_LANGUAGE_STANDARD = gnu99;
				GCC_NO_COMMON_BLOCKS = YES;
				GCC_WARN_64_TO_32_BIT_CONVERSION = YES;
				GCC_WARN_ABOUT_RETURN_TYPE = YES_ERROR;
				GCC_WARN_UNDECLARED_SELECTOR = YES;
				GCC_WARN_UNINITIALIZED_AUTOS = YES_AGGRESSIVE;
				GCC_WARN_UNUSED_FUNCTION = YES;
				GCC_WARN_UNUSED_VARIABLE = YES;
				IPHONEOS_DEPLOYMENT_TARGET = 10.3;
				MTL_ENABLE_DEBUG_INFO = NO;
				SDKROOT = iphoneos;
				SWIFT_OPTIMIZATION_LEVEL = "-Owholemodule";
				VALIDATE_PRODUCT = YES;
			};
			name = Release;
		};
		F187BEFD1EB9AEAB00BCFF51 /* Debug */ = {
			isa = XCBuildConfiguration;
			baseConfigurationReference = 4CCC46498B0BA0C4CD8D783E /* Pods-SwiftTools.debug.xcconfig */;
			buildSettings = {
				ASSETCATALOG_COMPILER_APPICON_NAME = AppIcon;
				DEVELOPMENT_TEAM = 84VQ69YVDT;
				INFOPLIST_FILE = SwiftTools/Info.plist;
				LD_RUNPATH_SEARCH_PATHS = "$(inherited) @executable_path/Frameworks";
				PRODUCT_BUNDLE_IDENTIFIER = com.combanc.cn.SwiftTools;
				PRODUCT_NAME = "$(TARGET_NAME)";
				SWIFT_VERSION = 3.0;
			};
			name = Debug;
		};
		F187BEFE1EB9AEAB00BCFF51 /* Release */ = {
			isa = XCBuildConfiguration;
			baseConfigurationReference = C868035C2424B0DA19159976 /* Pods-SwiftTools.release.xcconfig */;
			buildSettings = {
				ASSETCATALOG_COMPILER_APPICON_NAME = AppIcon;
				DEVELOPMENT_TEAM = 84VQ69YVDT;
				INFOPLIST_FILE = SwiftTools/Info.plist;
				LD_RUNPATH_SEARCH_PATHS = "$(inherited) @executable_path/Frameworks";
				PRODUCT_BUNDLE_IDENTIFIER = com.combanc.cn.SwiftTools;
				PRODUCT_NAME = "$(TARGET_NAME)";
				SWIFT_VERSION = 3.0;
			};
			name = Release;
		};
		F187BF001EB9AEAB00BCFF51 /* Debug */ = {
			isa = XCBuildConfiguration;
			buildSettings = {
				ALWAYS_EMBED_SWIFT_STANDARD_LIBRARIES = YES;
				BUNDLE_LOADER = "$(TEST_HOST)";
				DEVELOPMENT_TEAM = RN6253B2FZ;
				INFOPLIST_FILE = SwiftToolsTests/Info.plist;
				LD_RUNPATH_SEARCH_PATHS = "$(inherited) @executable_path/Frameworks @loader_path/Frameworks";
				PRODUCT_BUNDLE_IDENTIFIER = com.combanc.cn.SwiftToolsTests;
				PRODUCT_NAME = "$(TARGET_NAME)";
				SWIFT_VERSION = 3.0;
				TEST_HOST = "$(BUILT_PRODUCTS_DIR)/SwiftTools.app/SwiftTools";
			};
			name = Debug;
		};
		F187BF011EB9AEAB00BCFF51 /* Release */ = {
			isa = XCBuildConfiguration;
			buildSettings = {
				ALWAYS_EMBED_SWIFT_STANDARD_LIBRARIES = YES;
				BUNDLE_LOADER = "$(TEST_HOST)";
				DEVELOPMENT_TEAM = RN6253B2FZ;
				INFOPLIST_FILE = SwiftToolsTests/Info.plist;
				LD_RUNPATH_SEARCH_PATHS = "$(inherited) @executable_path/Frameworks @loader_path/Frameworks";
				PRODUCT_BUNDLE_IDENTIFIER = com.combanc.cn.SwiftToolsTests;
				PRODUCT_NAME = "$(TARGET_NAME)";
				SWIFT_VERSION = 3.0;
				TEST_HOST = "$(BUILT_PRODUCTS_DIR)/SwiftTools.app/SwiftTools";
			};
			name = Release;
		};
		F187BF031EB9AEAB00BCFF51 /* Debug */ = {
			isa = XCBuildConfiguration;
			buildSettings = {
				ALWAYS_EMBED_SWIFT_STANDARD_LIBRARIES = YES;
				DEVELOPMENT_TEAM = RN6253B2FZ;
				INFOPLIST_FILE = SwiftToolsUITests/Info.plist;
				LD_RUNPATH_SEARCH_PATHS = "$(inherited) @executable_path/Frameworks @loader_path/Frameworks";
				PRODUCT_BUNDLE_IDENTIFIER = com.combanc.cn.SwiftToolsUITests;
				PRODUCT_NAME = "$(TARGET_NAME)";
				SWIFT_VERSION = 3.0;
				TEST_TARGET_NAME = SwiftTools;
			};
			name = Debug;
		};
		F187BF041EB9AEAB00BCFF51 /* Release */ = {
			isa = XCBuildConfiguration;
			buildSettings = {
				ALWAYS_EMBED_SWIFT_STANDARD_LIBRARIES = YES;
				DEVELOPMENT_TEAM = RN6253B2FZ;
				INFOPLIST_FILE = SwiftToolsUITests/Info.plist;
				LD_RUNPATH_SEARCH_PATHS = "$(inherited) @executable_path/Frameworks @loader_path/Frameworks";
				PRODUCT_BUNDLE_IDENTIFIER = com.combanc.cn.SwiftToolsUITests;
				PRODUCT_NAME = "$(TARGET_NAME)";
				SWIFT_VERSION = 3.0;
				TEST_TARGET_NAME = SwiftTools;
			};
			name = Release;
		};
/* End XCBuildConfiguration section */

/* Begin XCConfigurationList section */
		F187BECF1EB9AEAA00BCFF51 /* Build configuration list for PBXProject "SwiftTools" */ = {
			isa = XCConfigurationList;
			buildConfigurations = (
				F187BEFA1EB9AEAB00BCFF51 /* Debug */,
				F187BEFB1EB9AEAB00BCFF51 /* Release */,
			);
			defaultConfigurationIsVisible = 0;
			defaultConfigurationName = Release;
		};
		F187BEFC1EB9AEAB00BCFF51 /* Build configuration list for PBXNativeTarget "SwiftTools" */ = {
			isa = XCConfigurationList;
			buildConfigurations = (
				F187BEFD1EB9AEAB00BCFF51 /* Debug */,
				F187BEFE1EB9AEAB00BCFF51 /* Release */,
			);
			defaultConfigurationIsVisible = 0;
			defaultConfigurationName = Release;
		};
		F187BEFF1EB9AEAB00BCFF51 /* Build configuration list for PBXNativeTarget "SwiftToolsTests" */ = {
			isa = XCConfigurationList;
			buildConfigurations = (
				F187BF001EB9AEAB00BCFF51 /* Debug */,
				F187BF011EB9AEAB00BCFF51 /* Release */,
			);
			defaultConfigurationIsVisible = 0;
			defaultConfigurationName = Release;
		};
		F187BF021EB9AEAB00BCFF51 /* Build configuration list for PBXNativeTarget "SwiftToolsUITests" */ = {
			isa = XCConfigurationList;
			buildConfigurations = (
				F187BF031EB9AEAB00BCFF51 /* Debug */,
				F187BF041EB9AEAB00BCFF51 /* Release */,
			);
			defaultConfigurationIsVisible = 0;
			defaultConfigurationName = Release;
		};
/* End XCConfigurationList section */
	};
	rootObject = F187BECC1EB9AEAA00BCFF51 /* Project object */;
}
